// !$*UTF8*$!
{
	archiveVersion = 1;
	classes = {
	};
	objectVersion = 48;
	objects = {

/* Begin PBXBuildFile section */
		4E4A576F639A2CE73B815589 /* Pods_Random_People.framework in Frameworks */ = {isa = PBXBuildFile; fileRef = 6651B2A2B668437AD50A7521 /* Pods_Random_People.framework */; };
		8C03FC56216E2DE70074D52E /* UIImageView+AssyncLoad.swift in Sources */ = {isa = PBXBuildFile; fileRef = 8C03FC55216E2DE70074D52E /* UIImageView+AssyncLoad.swift */; };
		8C03FC58216E5DD60074D52E /* UITextField+AMSetPicker.swift in Sources */ = {isa = PBXBuildFile; fileRef = 8C03FC57216E5DD60074D52E /* UITextField+AMSetPicker.swift */; };
		8C03FC5E216E66DF0074D52E /* FilterOptionsHelper.swift in Sources */ = {isa = PBXBuildFile; fileRef = 8C03FC5D216E66DF0074D52E /* FilterOptionsHelper.swift */; };
		8C03FC61216E792F0074D52E /* RandomPeople.xcdatamodeld in Sources */ = {isa = PBXBuildFile; fileRef = 8C03FC5F216E792F0074D52E /* RandomPeople.xcdatamodeld */; };
		8C03FC63216E7A3F0074D52E /* CoreDataManager.swift in Sources */ = {isa = PBXBuildFile; fileRef = 8C03FC62216E7A3F0074D52E /* CoreDataManager.swift */; };
		8C162D55216D278700C4F3DC /* AppDelegate.swift in Sources */ = {isa = PBXBuildFile; fileRef = 8C162D54216D278700C4F3DC /* AppDelegate.swift */; };
		8C162D57216D278700C4F3DC /* UserListViewController.swift in Sources */ = {isa = PBXBuildFile; fileRef = 8C162D56216D278700C4F3DC /* UserListViewController.swift */; };
		8C162D59216D278700C4F3DC /* FilteringOptionsViewController.swift in Sources */ = {isa = PBXBuildFile; fileRef = 8C162D58216D278700C4F3DC /* FilteringOptionsViewController.swift */; };
		8C162D5C216D278700C4F3DC /* Main.storyboard in Resources */ = {isa = PBXBuildFile; fileRef = 8C162D5A216D278700C4F3DC /* Main.storyboard */; };
		8C162D5E216D278700C4F3DC /* Assets.xcassets in Resources */ = {isa = PBXBuildFile; fileRef = 8C162D5D216D278700C4F3DC /* Assets.xcassets */; };
		8C162D61216D278700C4F3DC /* LaunchScreen.storyboard in Resources */ = {isa = PBXBuildFile; fileRef = 8C162D5F216D278700C4F3DC /* LaunchScreen.storyboard */; };
		8C33132B216E1A0D006A3389 /* UserDetailsViewController.swift in Sources */ = {isa = PBXBuildFile; fileRef = 8C33132A216E1A0D006A3389 /* UserDetailsViewController.swift */; };
		8CE8B69B216D3E5700D4E370 /* HTTPClient.swift in Sources */ = {isa = PBXBuildFile; fileRef = 8CE8B69A216D3E5700D4E370 /* HTTPClient.swift */; };
		8CE8B69E216D409C00D4E370 /* NetworkActivityIndicatorManager.swift in Sources */ = {isa = PBXBuildFile; fileRef = 8CE8B69D216D409C00D4E370 /* NetworkActivityIndicatorManager.swift */; };
		8CE8B6A0216D495D00D4E370 /* HTTPClient+User.swift in Sources */ = {isa = PBXBuildFile; fileRef = 8CE8B69F216D495D00D4E370 /* HTTPClient+User.swift */; };
		8CE8B6A3216D4B4F00D4E370 /* User.swift in Sources */ = {isa = PBXBuildFile; fileRef = 8CE8B6A2216D4B4F00D4E370 /* User.swift */; };
		8CE8B6A5216D4C5C00D4E370 /* Error.swift in Sources */ = {isa = PBXBuildFile; fileRef = 8CE8B6A4216D4C5C00D4E370 /* Error.swift */; };
/* End PBXBuildFile section */

/* Begin PBXFileReference section */
		38A2856FC0FCE08E4149A2C6 /* Pods-Random People.release.xcconfig */ = {isa = PBXFileReference; includeInIndex = 1; lastKnownFileType = text.xcconfig; name = "Pods-Random People.release.xcconfig"; path = "Pods/Target Support Files/Pods-Random People/Pods-Random People.release.xcconfig"; sourceTree = "<group>"; };
		4CFEB9365F1488A586ED8184 /* Pods-Random People.debug.xcconfig */ = {isa = PBXFileReference; includeInIndex = 1; lastKnownFileType = text.xcconfig; name = "Pods-Random People.debug.xcconfig"; path = "Pods/Target Support Files/Pods-Random People/Pods-Random People.debug.xcconfig"; sourceTree = "<group>"; };
		6651B2A2B668437AD50A7521 /* Pods_Random_People.framework */ = {isa = PBXFileReference; explicitFileType = wrapper.framework; includeInIndex = 0; path = Pods_Random_People.framework; sourceTree = BUILT_PRODUCTS_DIR; };
		8C03FC55216E2DE70074D52E /* UIImageView+AssyncLoad.swift */ = {isa = PBXFileReference; lastKnownFileType = sourcecode.swift; path = "UIImageView+AssyncLoad.swift"; sourceTree = "<group>"; };
		8C03FC57216E5DD60074D52E /* UITextField+AMSetPicker.swift */ = {isa = PBXFileReference; lastKnownFileType = sourcecode.swift; path = "UITextField+AMSetPicker.swift"; sourceTree = "<group>"; };
		8C03FC5D216E66DF0074D52E /* FilterOptionsHelper.swift */ = {isa = PBXFileReference; lastKnownFileType = sourcecode.swift; path = FilterOptionsHelper.swift; sourceTree = "<group>"; };
		8C03FC60216E792F0074D52E /* RandomPeople.xcdatamodel */ = {isa = PBXFileReference; lastKnownFileType = wrapper.xcdatamodel; path = RandomPeople.xcdatamodel; sourceTree = "<group>"; };
		8C03FC62216E7A3F0074D52E /* CoreDataManager.swift */ = {isa = PBXFileReference; lastKnownFileType = sourcecode.swift; path = CoreDataManager.swift; sourceTree = "<group>"; };
		8C162D51216D278700C4F3DC /* Random People.app */ = {isa = PBXFileReference; explicitFileType = wrapper.application; includeInIndex = 0; path = "Random People.app"; sourceTree = BUILT_PRODUCTS_DIR; };
		8C162D54216D278700C4F3DC /* AppDelegate.swift */ = {isa = PBXFileReference; lastKnownFileType = sourcecode.swift; path = AppDelegate.swift; sourceTree = "<group>"; };
		8C162D56216D278700C4F3DC /* UserListViewController.swift */ = {isa = PBXFileReference; lastKnownFileType = sourcecode.swift; path = UserListViewController.swift; sourceTree = "<group>"; };
		8C162D58216D278700C4F3DC /* FilteringOptionsViewController.swift */ = {isa = PBXFileReference; lastKnownFileType = sourcecode.swift; path = FilteringOptionsViewController.swift; sourceTree = "<group>"; };
		8C162D5B216D278700C4F3DC /* Base */ = {isa = PBXFileReference; lastKnownFileType = file.storyboard; name = Base; path = Base.lproj/Main.storyboard; sourceTree = "<group>"; };
		8C162D5D216D278700C4F3DC /* Assets.xcassets */ = {isa = PBXFileReference; lastKnownFileType = folder.assetcatalog; path = Assets.xcassets; sourceTree = "<group>"; };
		8C162D60216D278700C4F3DC /* Base */ = {isa = PBXFileReference; lastKnownFileType = file.storyboard; name = Base; path = Base.lproj/LaunchScreen.storyboard; sourceTree = "<group>"; };
		8C162D62216D278700C4F3DC /* Info.plist */ = {isa = PBXFileReference; lastKnownFileType = text.plist.xml; path = Info.plist; sourceTree = "<group>"; };
		8C33132A216E1A0D006A3389 /* UserDetailsViewController.swift */ = {isa = PBXFileReference; lastKnownFileType = sourcecode.swift; path = UserDetailsViewController.swift; sourceTree = "<group>"; };
		8CE8B69A216D3E5700D4E370 /* HTTPClient.swift */ = {isa = PBXFileReference; lastKnownFileType = sourcecode.swift; path = HTTPClient.swift; sourceTree = "<group>"; };
		8CE8B69D216D409C00D4E370 /* NetworkActivityIndicatorManager.swift */ = {isa = PBXFileReference; lastKnownFileType = sourcecode.swift; path = NetworkActivityIndicatorManager.swift; sourceTree = "<group>"; };
		8CE8B69F216D495D00D4E370 /* HTTPClient+User.swift */ = {isa = PBXFileReference; lastKnownFileType = sourcecode.swift; path = "HTTPClient+User.swift"; sourceTree = "<group>"; };
		8CE8B6A2216D4B4F00D4E370 /* User.swift */ = {isa = PBXFileReference; lastKnownFileType = sourcecode.swift; path = User.swift; sourceTree = "<group>"; };
		8CE8B6A4216D4C5C00D4E370 /* Error.swift */ = {isa = PBXFileReference; lastKnownFileType = sourcecode.swift; path = Error.swift; sourceTree = "<group>"; };
/* End PBXFileReference section */

/* Begin PBXFrameworksBuildPhase section */
		8C162D4E216D278700C4F3DC /* Frameworks */ = {
			isa = PBXFrameworksBuildPhase;
			buildActionMask = 2147483647;
			files = (
				4E4A576F639A2CE73B815589 /* Pods_Random_People.framework in Frameworks */,
			);
			runOnlyForDeploymentPostprocessing = 0;
		};
/* End PBXFrameworksBuildPhase section */

/* Begin PBXGroup section */
		4311521CB2E6CD0153858661 /* Frameworks */ = {
			isa = PBXGroup;
			children = (
				6651B2A2B668437AD50A7521 /* Pods_Random_People.framework */,
			);
			name = Frameworks;
			sourceTree = "<group>";
		};
		8C03FC54216E2DDC0074D52E /* Categories */ = {
			isa = PBXGroup;
			children = (
				8C03FC57216E5DD60074D52E /* UITextField+AMSetPicker.swift */,
				8C03FC55216E2DE70074D52E /* UIImageView+AssyncLoad.swift */,
			);
			path = Categories;
			sourceTree = "<group>";
		};
		8C03FC59216E62BB0074D52E /* Controllers */ = {
			isa = PBXGroup;
			children = (
				8C162D56216D278700C4F3DC /* UserListViewController.swift */,
				8C33132A216E1A0D006A3389 /* UserDetailsViewController.swift */,
				8C162D58216D278700C4F3DC /* FilteringOptionsViewController.swift */,
			);
			path = Controllers;
			sourceTree = "<group>";
		};
		8C03FC5A216E62DC0074D52E /* Resources */ = {
			isa = PBXGroup;
			children = (
				8C162D5D216D278700C4F3DC /* Assets.xcassets */,
				8C03FC5F216E792F0074D52E /* RandomPeople.xcdatamodeld */,
			);
			path = Resources;
			sourceTree = "<group>";
		};
		8C03FC5B216E62F40074D52E /* Storyboards */ = {
			isa = PBXGroup;
			children = (
				8C162D5A216D278700C4F3DC /* Main.storyboard */,
				8C162D5F216D278700C4F3DC /* LaunchScreen.storyboard */,
			);
			path = Storyboards;
			sourceTree = "<group>";
		};
		8C03FC5C216E66D00074D52E /* Helpers */ = {
			isa = PBXGroup;
			children = (
				8C03FC5D216E66DF0074D52E /* FilterOptionsHelper.swift */,
				8C03FC62216E7A3F0074D52E /* CoreDataManager.swift */,
			);
			path = Helpers;
			sourceTree = "<group>";
		};
		8C162D48216D278700C4F3DC = {
			isa = PBXGroup;
			children = (
				8C162D53216D278700C4F3DC /* Random People */,
				8C162D52216D278700C4F3DC /* Products */,
				F10F210234A8BE74805076C4 /* Pods */,
				4311521CB2E6CD0153858661 /* Frameworks */,
			);
			sourceTree = "<group>";
		};
		8C162D52216D278700C4F3DC /* Products */ = {
			isa = PBXGroup;
			children = (
				8C162D51216D278700C4F3DC /* Random People.app */,
			);
			name = Products;
			sourceTree = "<group>";
		};
		8C162D53216D278700C4F3DC /* Random People */ = {
			isa = PBXGroup;
			children = (
				8C162D62216D278700C4F3DC /* Info.plist */,
				8C162D54216D278700C4F3DC /* AppDelegate.swift */,
				8CE8B699216D3E3E00D4E370 /* Networking */,
				8C03FC54216E2DDC0074D52E /* Categories */,
				8C03FC5C216E66D00074D52E /* Helpers */,
				8CE8B69C216D408700D4E370 /* ThirdParty */,
				8CE8B6A1216D4B4600D4E370 /* Model */,
				8C03FC59216E62BB0074D52E /* Controllers */,
				8C03FC5B216E62F40074D52E /* Storyboards */,
				8C03FC5A216E62DC0074D52E /* Resources */,
			);
			path = "Random People";
			sourceTree = "<group>";
		};
		8CE8B699216D3E3E00D4E370 /* Networking */ = {
			isa = PBXGroup;
			children = (
				8CE8B69A216D3E5700D4E370 /* HTTPClient.swift */,
				8CE8B69F216D495D00D4E370 /* HTTPClient+User.swift */,
			);
			path = Networking;
			sourceTree = "<group>";
		};
		8CE8B69C216D408700D4E370 /* ThirdParty */ = {
			isa = PBXGroup;
			children = (
				8CE8B69D216D409C00D4E370 /* NetworkActivityIndicatorManager.swift */,
			);
			path = ThirdParty;
			sourceTree = "<group>";
		};
		8CE8B6A1216D4B4600D4E370 /* Model */ = {
			isa = PBXGroup;
			children = (
				8CE8B6A2216D4B4F00D4E370 /* User.swift */,
				8CE8B6A4216D4C5C00D4E370 /* Error.swift */,
			);
			path = Model;
			sourceTree = "<group>";
		};
		F10F210234A8BE74805076C4 /* Pods */ = {
			isa = PBXGroup;
			children = (
				4CFEB9365F1488A586ED8184 /* Pods-Random People.debug.xcconfig */,
				38A2856FC0FCE08E4149A2C6 /* Pods-Random People.release.xcconfig */,
			);
			name = Pods;
			sourceTree = "<group>";
		};
/* End PBXGroup section */

/* Begin PBXNativeTarget section */
		8C162D50216D278700C4F3DC /* Random People */ = {
			isa = PBXNativeTarget;
			buildConfigurationList = 8C162D65216D278700C4F3DC /* Build configuration list for PBXNativeTarget "Random People" */;
			buildPhases = (
				3B2C09EBC4AEB6C7CAD3D753 /* [CP] Check Pods Manifest.lock */,
				8C162D4D216D278700C4F3DC /* Sources */,
				8C162D4E216D278700C4F3DC /* Frameworks */,
				8C162D4F216D278700C4F3DC /* Resources */,
				51A2B92E3C5950D90BC836CC /* [CP] Embed Pods Frameworks */,
				BEFDEF7350923C67B468A2ED /* [CP] Copy Pods Resources */,
			);
			buildRules = (
			);
			dependencies = (
			);
			name = "Random People";
			productName = "Random People";
			productReference = 8C162D51216D278700C4F3DC /* Random People.app */;
			productType = "com.apple.product-type.application";
		};
/* End PBXNativeTarget section */

/* Begin PBXProject section */
		8C162D49216D278700C4F3DC /* Project object */ = {
			isa = PBXProject;
			attributes = {
				LastSwiftUpdateCheck = 0920;
				LastUpgradeCheck = 0920;
				ORGANIZATIONNAME = Lanskoy;
				TargetAttributes = {
					8C162D50216D278700C4F3DC = {
						CreatedOnToolsVersion = 9.2;
						ProvisioningStyle = Automatic;
					};
				};
			};
			buildConfigurationList = 8C162D4C216D278700C4F3DC /* Build configuration list for PBXProject "Random People" */;
			compatibilityVersion = "Xcode 8.0";
			developmentRegion = en;
			hasScannedForEncodings = 0;
			knownRegions = (
				en,
				Base,
			);
			mainGroup = 8C162D48216D278700C4F3DC;
			productRefGroup = 8C162D52216D278700C4F3DC /* Products */;
			projectDirPath = "";
			projectRoot = "";
			targets = (
				8C162D50216D278700C4F3DC /* Random People */,
			);
		};
/* End PBXProject section */

/* Begin PBXResourcesBuildPhase section */
		8C162D4F216D278700C4F3DC /* Resources */ = {
			isa = PBXResourcesBuildPhase;
			buildActionMask = 2147483647;
			files = (
				8C162D61216D278700C4F3DC /* LaunchScreen.storyboard in Resources */,
				8C162D5E216D278700C4F3DC /* Assets.xcassets in Resources */,
				8C162D5C216D278700C4F3DC /* Main.storyboard in Resources */,
			);
			runOnlyForDeploymentPostprocessing = 0;
		};
/* End PBXResourcesBuildPhase section */

/* Begin PBXShellScriptBuildPhase section */
		3B2C09EBC4AEB6C7CAD3D753 /* [CP] Check Pods Manifest.lock */ = {
			isa = PBXShellScriptBuildPhase;
			buildActionMask = 2147483647;
			files = (
			);
			inputPaths = (
				"${PODS_PODFILE_DIR_PATH}/Podfile.lock",
				"${PODS_ROOT}/Manifest.lock",
			);
			name = "[CP] Check Pods Manifest.lock";
			outputPaths = (
				"$(DERIVED_FILE_DIR)/Pods-Random People-checkManifestLockResult.txt",
			);
			runOnlyForDeploymentPostprocessing = 0;
			shellPath = /bin/sh;
			shellScript = "diff \"${PODS_PODFILE_DIR_PATH}/Podfile.lock\" \"${PODS_ROOT}/Manifest.lock\" > /dev/null\nif [ $? != 0 ] ; then\n    # print error to STDERR\n    echo \"error: The sandbox is not in sync with the Podfile.lock. Run 'pod install' or update your CocoaPods installation.\" >&2\n    exit 1\nfi\n# This output is used by Xcode 'outputs' to avoid re-running this script phase.\necho \"SUCCESS\" > \"${SCRIPT_OUTPUT_FILE_0}\"\n";
			showEnvVarsInLog = 0;
		};
		51A2B92E3C5950D90BC836CC /* [CP] Embed Pods Frameworks */ = {
			isa = PBXShellScriptBuildPhase;
			buildActionMask = 2147483647;
			files = (
			);
			inputPaths = (
				"${SRCROOT}/Pods/Target Support Files/Pods-Random People/Pods-Random People-frameworks.sh",
				"${BUILT_PRODUCTS_DIR}/Alamofire/Alamofire.framework",
				"${BUILT_PRODUCTS_DIR}/AlamofireImage/AlamofireImage.framework",
				"${BUILT_PRODUCTS_DIR}/AlamofireObjectMapper/AlamofireObjectMapper.framework",
				"${BUILT_PRODUCTS_DIR}/NVActivityIndicatorView/NVActivityIndicatorView.framework",
				"${BUILT_PRODUCTS_DIR}/ObjectMapper/ObjectMapper.framework",
				"${BUILT_PRODUCTS_DIR}/SwiftyJSON/SwiftyJSON.framework",
			);
			name = "[CP] Embed Pods Frameworks";
			outputPaths = (
				"${TARGET_BUILD_DIR}/${FRAMEWORKS_FOLDER_PATH}/Alamofire.framework",
				"${TARGET_BUILD_DIR}/${FRAMEWORKS_FOLDER_PATH}/AlamofireImage.framework",
				"${TARGET_BUILD_DIR}/${FRAMEWORKS_FOLDER_PATH}/AlamofireObjectMapper.framework",
				"${TARGET_BUILD_DIR}/${FRAMEWORKS_FOLDER_PATH}/NVActivityIndicatorView.framework",
				"${TARGET_BUILD_DIR}/${FRAMEWORKS_FOLDER_PATH}/ObjectMapper.framework",
				"${TARGET_BUILD_DIR}/${FRAMEWORKS_FOLDER_PATH}/SwiftyJSON.framework",
			);
			runOnlyForDeploymentPostprocessing = 0;
			shellPath = /bin/sh;
			shellScript = "\"${SRCROOT}/Pods/Target Support Files/Pods-Random People/Pods-Random People-frameworks.sh\"\n";
			showEnvVarsInLog = 0;
		};
		BEFDEF7350923C67B468A2ED /* [CP] Copy Pods Resources */ = {
			isa = PBXShellScriptBuildPhase;
			buildActionMask = 2147483647;
			files = (
			);
			inputPaths = (
			);
			name = "[CP] Copy Pods Resources";
			outputPaths = (
			);
			runOnlyForDeploymentPostprocessing = 0;
			shellPath = /bin/sh;
			shellScript = "\"${SRCROOT}/Pods/Target Support Files/Pods-Random People/Pods-Random People-resources.sh\"\n";
			showEnvVarsInLog = 0;
		};
/* End PBXShellScriptBuildPhase section */

/* Begin PBXSourcesBuildPhase section */
		8C162D4D216D278700C4F3DC /* Sources */ = {
			isa = PBXSourcesBuildPhase;
			buildActionMask = 2147483647;
			files = (
				8CE8B6A5216D4C5C00D4E370 /* Error.swift in Sources */,
				8C162D59216D278700C4F3DC /* FilteringOptionsViewController.swift in Sources */,
				8C162D55216D278700C4F3DC /* AppDelegate.swift in Sources */,
				8CE8B69B216D3E5700D4E370 /* HTTPClient.swift in Sources */,
				8CE8B6A0216D495D00D4E370 /* HTTPClient+User.swift in Sources */,
				8C162D57216D278700C4F3DC /* UserListViewController.swift in Sources */,
				8C03FC5E216E66DF0074D52E /* FilterOptionsHelper.swift in Sources */,
				8CE8B69E216D409C00D4E370 /* NetworkActivityIndicatorManager.swift in Sources */,
				8CE8B6A3216D4B4F00D4E370 /* User.swift in Sources */,
				8C03FC58216E5DD60074D52E /* UITextField+AMSetPicker.swift in Sources */,
				8C33132B216E1A0D006A3389 /* UserDetailsViewController.swift in Sources */,
				8C03FC56216E2DE70074D52E /* UIImageView+AssyncLoad.swift in Sources */,
				8C03FC63216E7A3F0074D52E /* CoreDataManager.swift in Sources */,
				8C03FC61216E792F0074D52E /* RandomPeople.xcdatamodeld in Sources */,
			);
			runOnlyForDeploymentPostprocessing = 0;
		};
/* End PBXSourcesBuildPhase section */

/* Begin PBXVariantGroup section */
		8C162D5A216D278700C4F3DC /* Main.storyboard */ = {
			isa = PBXVariantGroup;
			children = (
				8C162D5B216D278700C4F3DC /* Base */,
			);
			name = Main.storyboard;
			sourceTree = "<group>";
		};
		8C162D5F216D278700C4F3DC /* LaunchScreen.storyboard */ = {
			isa = PBXVariantGroup;
			children = (
				8C162D60216D278700C4F3DC /* Base */,
			);
			name = LaunchScreen.storyboard;
			sourceTree = "<group>";
		};
/* End PBXVariantGroup section */

/* Begin XCBuildConfiguration section */
		8C162D63216D278700C4F3DC /* Debug */ = {
			isa = XCBuildConfiguration;
			buildSettings = {
				ALWAYS_SEARCH_USER_PATHS = NO;
				CLANG_ANALYZER_NONNULL = YES;
				CLANG_ANALYZER_NUMBER_OBJECT_CONVERSION = YES_AGGRESSIVE;
				CLANG_CXX_LANGUAGE_STANDARD = "gnu++14";
				CLANG_CXX_LIBRARY = "libc++";
				CLANG_ENABLE_MODULES = YES;
				CLANG_ENABLE_OBJC_ARC = YES;
				CLANG_WARN_BLOCK_CAPTURE_AUTORELEASING = YES;
				CLANG_WARN_BOOL_CONVERSION = YES;
				CLANG_WARN_COMMA = YES;
				CLANG_WARN_CONSTANT_CONVERSION = YES;
				CLANG_WARN_DIRECT_OBJC_ISA_USAGE = YES_ERROR;
				CLANG_WARN_DOCUMENTATION_COMMENTS = YES;
				CLANG_WARN_EMPTY_BODY = YES;
				CLANG_WARN_ENUM_CONVERSION = YES;
				CLANG_WARN_INFINITE_RECURSION = YES;
				CLANG_WARN_INT_CONVERSION = YES;
				CLANG_WARN_NON_LITERAL_NULL_CONVERSION = YES;
				CLANG_WARN_OBJC_LITERAL_CONVERSION = YES;
				CLANG_WARN_OBJC_ROOT_CLASS = YES_ERROR;
				CLANG_WARN_RANGE_LOOP_ANALYSIS = YES;
				CLANG_WARN_STRICT_PROTOTYPES = YES;
				CLANG_WARN_SUSPICIOUS_MOVE = YES;
				CLANG_WARN_UNGUARDED_AVAILABILITY = YES_AGGRESSIVE;
				CLANG_WARN_UNREACHABLE_CODE = YES;
				CLANG_WARN__DUPLICATE_METHOD_MATCH = YES;
				CODE_SIGN_IDENTITY = "iPhone Developer";
				COPY_PHASE_STRIP = NO;
				DEBUG_INFORMATION_FORMAT = dwarf;
				ENABLE_STRICT_OBJC_MSGSEND = YES;
				ENABLE_TESTABILITY = YES;
				GCC_C_LANGUAGE_STANDARD = gnu11;
				GCC_DYNAMIC_NO_PIC = NO;
				GCC_NO_COMMON_BLOCKS = YES;
				GCC_OPTIMIZATION_LEVEL = 0;
				GCC_PREPROCESSOR_DEFINITIONS = (
					"DEBUG=1",
					"$(inherited)",
				);
				GCC_WARN_64_TO_32_BIT_CONVERSION = YES;
				GCC_WARN_ABOUT_RETURN_TYPE = YES_ERROR;
				GCC_WARN_UNDECLARED_SELECTOR = YES;
				GCC_WARN_UNINITIALIZED_AUTOS = YES_AGGRESSIVE;
				GCC_WARN_UNUSED_FUNCTION = YES;
				GCC_WARN_UNUSED_VARIABLE = YES;
				IPHONEOS_DEPLOYMENT_TARGET = 11.2;
				MTL_ENABLE_DEBUG_INFO = YES;
				ONLY_ACTIVE_ARCH = YES;
				SDKROOT = iphoneos;
				SWIFT_ACTIVE_COMPILATION_CONDITIONS = DEBUG;
				SWIFT_OPTIMIZATION_LEVEL = "-Onone";
			};
			name = Debug;
		};
		8C162D64216D278700C4F3DC /* Release */ = {
			isa = XCBuildConfiguration;
			buildSettings = {
				ALWAYS_SEARCH_USER_PATHS = NO;
				CLANG_ANALYZER_NONNULL = YES;
				CLANG_ANALYZER_NUMBER_OBJECT_CONVERSION = YES_AGGRESSIVE;
				CLANG_CXX_LANGUAGE_STANDARD = "gnu++14";
				CLANG_CXX_LIBRARY = "libc++";
				CLANG_ENABLE_MODULES = YES;
				CLANG_ENABLE_OBJC_ARC = YES;
				CLANG_WARN_BLOCK_CAPTURE_AUTORELEASING = YES;
				CLANG_WARN_BOOL_CONVERSION = YES;
				CLANG_WARN_COMMA = YES;
				CLANG_WARN_CONSTANT_CONVERSION = YES;
				CLANG_WARN_DIRECT_OBJC_ISA_USAGE = YES_ERROR;
				CLANG_WARN_DOCUMENTATION_COMMENTS = YES;
				CLANG_WARN_EMPTY_BODY = YES;
				CLANG_WARN_ENUM_CONVERSION = YES;
				CLANG_WARN_INFINITE_RECURSION = YES;
				CLANG_WARN_INT_CONVERSION = YES;
				CLANG_WARN_NON_LITERAL_NULL_CONVERSION = YES;
				CLANG_WARN_OBJC_LITERAL_CONVERSION = YES;
				CLANG_WARN_OBJC_ROOT_CLASS = YES_ERROR;
				CLANG_WARN_RANGE_LOOP_ANALYSIS = YES;
				CLANG_WARN_STRICT_PROTOTYPES = YES;
				CLANG_WARN_SUSPICIOUS_MOVE = YES;
				CLANG_WARN_UNGUARDED_AVAILABILITY = YES_AGGRESSIVE;
				CLANG_WARN_UNREACHABLE_CODE = YES;
				CLANG_WARN__DUPLICATE_METHOD_MATCH = YES;
				CODE_SIGN_IDENTITY = "iPhone Developer";
				COPY_PHASE_STRIP = NO;
				DEBUG_INFORMATION_FORMAT = "dwarf-with-dsym";
				ENABLE_NS_ASSERTIONS = NO;
				ENABLE_STRICT_OBJC_MSGSEND = YES;
				GCC_C_LANGUAGE_STANDARD = gnu11;
				GCC_NO_COMMON_BLOCKS = YES;
				GCC_WARN_64_TO_32_BIT_CONVERSION = YES;
				GCC_WARN_ABOUT_RETURN_TYPE = YES_ERROR;
				GCC_WARN_UNDECLARED_SELECTOR = YES;
				GCC_WARN_UNINITIALIZED_AUTOS = YES_AGGRESSIVE;
				GCC_WARN_UNUSED_FUNCTION = YES;
				GCC_WARN_UNUSED_VARIABLE = YES;
				IPHONEOS_DEPLOYMENT_TARGET = 11.2;
				MTL_ENABLE_DEBUG_INFO = NO;
				SDKROOT = iphoneos;
				SWIFT_OPTIMIZATION_LEVEL = "-Owholemodule";
				VALIDATE_PRODUCT = YES;
			};
			name = Release;
		};
		8C162D66216D278700C4F3DC /* Debug */ = {
			isa = XCBuildConfiguration;
			baseConfigurationReference = 4CFEB9365F1488A586ED8184 /* Pods-Random People.debug.xcconfig */;
			buildSettings = {
				ASSETCATALOG_COMPILER_APPICON_NAME = AppIcon;
				CODE_SIGN_STYLE = Automatic;
				DEVELOPMENT_TEAM = "";
				INFOPLIST_FILE = "Random People/Info.plist";
				LD_RUNPATH_SEARCH_PATHS = "$(inherited) @executable_path/Frameworks";
				PRODUCT_BUNDLE_IDENTIFIER = "com.nure.lanskoi.maksym.Random-People";
				PRODUCT_NAME = "$(TARGET_NAME)";
				SWIFT_VERSION = 4.0;
				TARGETED_DEVICE_FAMILY = "1,2";
			};
			name = Debug;
		};
		8C162D67216D278700C4F3DC /* Release */ = {
			isa = XCBuildConfiguration;
			baseConfigurationReference = 38A2856FC0FCE08E4149A2C6 /* Pods-Random People.release.xcconfig */;
			buildSettings = {
				ASSETCATALOG_COMPILER_APPICON_NAME = AppIcon;
				CODE_SIGN_STYLE = Automatic;
				DEVELOPMENT_TEAM = "";
				INFOPLIST_FILE = "Random People/Info.plist";
				LD_RUNPATH_SEARCH_PATHS = "$(inherited) @executable_path/Frameworks";
				PRODUCT_BUNDLE_IDENTIFIER = "com.nure.lanskoi.maksym.Random-People";
				PRODUCT_NAME = "$(TARGET_NAME)";
				SWIFT_VERSION = 4.0;
				TARGETED_DEVICE_FAMILY = "1,2";
			};
			name = Release;
		};
/* End XCBuildConfiguration section */

/* Begin XCConfigurationList section */
		8C162D4C216D278700C4F3DC /* Build configuration list for PBXProject "Random People" */ = {
			isa = XCConfigurationList;
			buildConfigurations = (
				8C162D63216D278700C4F3DC /* Debug */,
				8C162D64216D278700C4F3DC /* Release */,
			);
			defaultConfigurationIsVisible = 0;
			defaultConfigurationName = Release;
		};
		8C162D65216D278700C4F3DC /* Build configuration list for PBXNativeTarget "Random People" */ = {
			isa = XCConfigurationList;
			buildConfigurations = (
				8C162D66216D278700C4F3DC /* Debug */,
				8C162D67216D278700C4F3DC /* Release */,
			);
			defaultConfigurationIsVisible = 0;
			defaultConfigurationName = Release;
		};
/* End XCConfigurationList section */

/* Begin XCVersionGroup section */
		8C03FC5F216E792F0074D52E /* RandomPeople.xcdatamodeld */ = {
			isa = XCVersionGroup;
			children = (
				8C03FC60216E792F0074D52E /* RandomPeople.xcdatamodel */,
			);
			currentVersion = 8C03FC60216E792F0074D52E /* RandomPeople.xcdatamodel */;
			path = RandomPeople.xcdatamodeld;
			sourceTree = "<group>";
			versionGroupType = wrapper.xcdatamodel;
		};
/* End XCVersionGroup section */
	};
	rootObject = 8C162D49216D278700C4F3DC /* Project object */;
}
